
Microsoft Visual Studio Solution File, Format Version 12.00
# Visual Studio Version 16
VisualStudioVersion = 16.0.30804.86
MinimumVisualStudioVersion = 10.0.40219.1
Project("{FAE04EC0-301F-11D3-BF4B-00C04F79EFBC}") = "UTF8_Convert_Setup", "UTF8_Convert_Setup.csproj", "{FDDD96FE-6B6A-436E-8F37-1B2B2255DB8E}"
EndProject
Global
	GlobalSection(SolutionConfigurationPlatforms) = preSolution
		Debug|Any CPU = Debug|Any CPU
		Release|Any CPU = Release|Any CPU
	EndGlobalSection
	GlobalSection(ProjectConfigurationPlatforms) = postSolution
		{FDDD96FE-6B6A-436E-8F37-1B2B2255DB8E}.Debug|Any CPU.ActiveCfg = Debug|Any CPU
		{FDDD96FE-6B6A-436E-8F37-1B2B2255DB8E}.Debug|Any CPU.Build.0 = Debug|Any CPU
		{FDDD96FE-6B6A-436E-8F37-1B2B2255DB8E}.Release|Any CPU.ActiveCfg = Release|Any CPU
		{FDDD96FE-6B6A-436E-8F37-1B2B2255DB8E}.Release|Any CPU.Build.0 = Release|Any CPU
	EndGlobalSection
	GlobalSection(SolutionProperties) = preSolution
		HideSolutionNode = FALSE
	EndGlobalSection
	GlobalSection(ExtensibilityGlobals) = postSolution
		SolutionGuid = {50727F11-A401-4000-AAC6-C71B0124FEC8}
	EndGlobalSection
EndGlobal
